
Microsoft Visual Studio Solution File, Format Version 12.00
# Visual Studio 14
VisualStudioVersion = 14.0.24720.0
MinimumVisualStudioVersion = 10.0.40219.1
Project("{FAE04EC0-301F-11D3-BF4B-00C04F79EFBC}") = "wmWebApp", "wmWebApp\wmWebApp.csproj", "{C65DE7E1-D885-48C3-8C67-40631EBF0763}"
EndProject
Project("{FAE04EC0-301F-11D3-BF4B-00C04F79EFBC}") = "wm.Core", "wm.Core\wm.Core.csproj", "{A22F0B8D-AFCC-49B8-83ED-14E288CC66D3}"
EndProject
Project("{FAE04EC0-301F-11D3-BF4B-00C04F79EFBC}") = "wm.Web", "wm.Web\wm.Web.csproj", "{92DC894C-DC1A-4DFA-BF2E-507E7B245958}"
EndProject
Project("{FAE04EC0-301F-11D3-BF4B-00C04F79EFBC}") = "wm.Web.Tests", "wm.Web.Tests\wm.Web.Tests.csproj", "{BD7792CF-BBA5-4CEF-BEC8-B12FCDBC1784}"
EndProject
Global
	GlobalSection(SolutionConfigurationPlatforms) = preSolution
		Debug|Any CPU = Debug|Any CPU
		Release|Any CPU = Release|Any CPU
	EndGlobalSection
	GlobalSection(ProjectConfigurationPlatforms) = postSolution
		{C65DE7E1-D885-48C3-8C67-40631EBF0763}.Debug|Any CPU.ActiveCfg = Debug|Any CPU
		{C65DE7E1-D885-48C3-8C67-40631EBF0763}.Debug|Any CPU.Build.0 = Debug|Any CPU
		{C65DE7E1-D885-48C3-8C67-40631EBF0763}.Release|Any CPU.ActiveCfg = Release|Any CPU
		{C65DE7E1-D885-48C3-8C67-40631EBF0763}.Release|Any CPU.Build.0 = Release|Any CPU
		{A22F0B8D-AFCC-49B8-83ED-14E288CC66D3}.Debug|Any CPU.ActiveCfg = Debug|Any CPU
		{A22F0B8D-AFCC-49B8-83ED-14E288CC66D3}.Debug|Any CPU.Build.0 = Debug|Any CPU
		{A22F0B8D-AFCC-49B8-83ED-14E288CC66D3}.Release|Any CPU.ActiveCfg = Release|Any CPU
		{A22F0B8D-AFCC-49B8-83ED-14E288CC66D3}.Release|Any CPU.Build.0 = Release|Any CPU
		{92DC894C-DC1A-4DFA-BF2E-507E7B245958}.Debug|Any CPU.ActiveCfg = Debug|Any CPU
		{92DC894C-DC1A-4DFA-BF2E-507E7B245958}.Debug|Any CPU.Build.0 = Debug|Any CPU
		{92DC894C-DC1A-4DFA-BF2E-507E7B245958}.Release|Any CPU.ActiveCfg = Release|Any CPU
		{92DC894C-DC1A-4DFA-BF2E-507E7B245958}.Release|Any CPU.Build.0 = Release|Any CPU
		{BD7792CF-BBA5-4CEF-BEC8-B12FCDBC1784}.Debug|Any CPU.ActiveCfg = Debug|Any CPU
		{BD7792CF-BBA5-4CEF-BEC8-B12FCDBC1784}.Debug|Any CPU.Build.0 = Debug|Any CPU
		{BD7792CF-BBA5-4CEF-BEC8-B12FCDBC1784}.Release|Any CPU.ActiveCfg = Release|Any CPU
		{BD7792CF-BBA5-4CEF-BEC8-B12FCDBC1784}.Release|Any CPU.Build.0 = Release|Any CPU
	EndGlobalSection
	GlobalSection(SolutionProperties) = preSolution
		HideSolutionNode = FALSE
	EndGlobalSection
EndGlobal
