
Microsoft Visual Studio Solution File, Format Version 12.00
# Visual Studio 14
VisualStudioVersion = 14.0.24720.0
MinimumVisualStudioVersion = 10.0.40219.1
Project("{FAE04EC0-301F-11D3-BF4B-00C04F79EFBC}") = "testRelationships", "testRelationships\testRelationships.csproj", "{C1AA875C-1461-4D60-A85A-C6F24EB9A41B}"
EndProject
Global
	GlobalSection(SolutionConfigurationPlatforms) = preSolution
		Debug|Any CPU = Debug|Any CPU
		Release|Any CPU = Release|Any CPU
	EndGlobalSection
	GlobalSection(ProjectConfigurationPlatforms) = postSolution
		{C1AA875C-1461-4D60-A85A-C6F24EB9A41B}.Debug|Any CPU.ActiveCfg = Debug|Any CPU
		{C1AA875C-1461-4D60-A85A-C6F24EB9A41B}.Debug|Any CPU.Build.0 = Debug|Any CPU
		{C1AA875C-1461-4D60-A85A-C6F24EB9A41B}.Release|Any CPU.ActiveCfg = Release|Any CPU
		{C1AA875C-1461-4D60-A85A-C6F24EB9A41B}.Release|Any CPU.Build.0 = Release|Any CPU
	EndGlobalSection
	GlobalSection(SolutionProperties) = preSolution
		HideSolutionNode = FALSE
	EndGlobalSection
EndGlobal
